
Microsoft Visual Studio Solution File, Format Version 12.00
# Visual Studio 15
VisualStudioVersion = 15.0.26430.15
MinimumVisualStudioVersion = 10.0.40219.1
Project("{9A19103F-16F7-4668-BE54-9A1E7A4F7556}") = "CanonnApi.Web", "CanonnApi.Web\CanonnApi.Web.csproj", "{3EF1B353-E50C-4A4F-B9C3-F7EB90EA9809}"
EndProject
Project("{2150E333-8FDC-42A3-9474-1A3956D46DE8}") = "Files", "Files", "{13BD52FA-BCDC-4F0F-8AC8-4651BEC0CEEB}"
	ProjectSection(SolutionItems) = preProject
		..\README.md = ..\README.md
		teamcity.ps1 = teamcity.ps1
		version.txt = version.txt
	EndProjectSection
EndProject
Project("{2150E333-8FDC-42A3-9474-1A3956D46DE8}") = "docs", "docs", "{4EB46077-5E09-4BF5-874D-780C304FD899}"
	ProjectSection(SolutionItems) = preProject
		..\docs\index.md = ..\docs\index.md
	EndProjectSection
EndProject
Project("{2150E333-8FDC-42A3-9474-1A3956D46DE8}") = "design", "design", "{961B5CA1-FBB3-4159-9B0B-A1C1C441403F}"
EndProject
Project("{2150E333-8FDC-42A3-9474-1A3956D46DE8}") = "db", "db", "{75ECA130-CA7B-4C01-8742-6B71C1B1582E}"
	ProjectSection(SolutionItems) = preProject
		..\docs\design\db\index.md = ..\docs\design\db\index.md
		..\docs\design\db\ruinsdb.puml = ..\docs\design\db\ruinsdb.puml
	EndProjectSection
EndProject
Project("{2150E333-8FDC-42A3-9474-1A3956D46DE8}") = "Ruins-db", "Ruins-db", "{3FCCEF11-B327-4AD2-9505-635884EF7610}"
EndProject
Project("{2150E333-8FDC-42A3-9474-1A3956D46DE8}") = "sql", "sql", "{CFEC7D1D-0C90-462E-8A1C-ECFC11311C8D}"
	ProjectSection(SolutionItems) = preProject
		..\ruins-db\sql\Drop_all.sql = ..\ruins-db\sql\Drop_all.sql
		..\ruins-db\sql\Helper_SitesWithSystemsBodiesCoordsAndTypes.sql = ..\ruins-db\sql\Helper_SitesWithSystemsBodiesCoordsAndTypes.sql
	EndProjectSection
EndProject
Project("{2150E333-8FDC-42A3-9474-1A3956D46DE8}") = "configuration", "configuration", "{DD43E3F0-1F87-48F7-9DE1-0695F1EE9D23}"
EndProject
Project("{2150E333-8FDC-42A3-9474-1A3956D46DE8}") = "auth0", "auth0", "{2C374678-F3D9-45EC-A255-BDAE652D3DBD}"
	ProjectSection(SolutionItems) = preProject
		..\docs\configuration\auth0\auth0-setup.md = ..\docs\configuration\auth0\auth0-setup.md
		..\docs\configuration\auth0\authorization-extension.data.json = ..\docs\configuration\auth0\authorization-extension.data.json
	EndProjectSection
EndProject
Project("{9A19103F-16F7-4668-BE54-9A1E7A4F7556}") = "Canonn.Database.AutoUpdater", "CanonnApi.Database.AutoUpdater\Canonn.Database.AutoUpdater.csproj", "{8B78577C-E074-4B6F-AD46-9A6E79D96397}"
EndProject
Project("{2150E333-8FDC-42A3-9474-1A3956D46DE8}") = "api", "api", "{41D7615C-5A0E-47BE-B15F-460DCA804791}"
	ProjectSection(SolutionItems) = preProject
		..\docs\configuration\api\appsetting.Secrets.json = ..\docs\configuration\api\appsetting.Secrets.json
	EndProjectSection
EndProject
Global
	GlobalSection(SolutionConfigurationPlatforms) = preSolution
		AutomatedTests|Any CPU = AutomatedTests|Any CPU
		AutomatedTests|x64 = AutomatedTests|x64
		AutomatedTests|x86 = AutomatedTests|x86
		Debug|Any CPU = Debug|Any CPU
		Debug|x64 = Debug|x64
		Debug|x86 = Debug|x86
		Release|Any CPU = Release|Any CPU
		Release|x64 = Release|x64
		Release|x86 = Release|x86
	EndGlobalSection
	GlobalSection(ProjectConfigurationPlatforms) = postSolution
		{3EF1B353-E50C-4A4F-B9C3-F7EB90EA9809}.AutomatedTests|Any CPU.ActiveCfg = AutomatedTests|Any CPU
		{3EF1B353-E50C-4A4F-B9C3-F7EB90EA9809}.AutomatedTests|Any CPU.Build.0 = AutomatedTests|Any CPU
		{3EF1B353-E50C-4A4F-B9C3-F7EB90EA9809}.AutomatedTests|x64.ActiveCfg = Debug|Any CPU
		{3EF1B353-E50C-4A4F-B9C3-F7EB90EA9809}.AutomatedTests|x64.Build.0 = Debug|Any CPU
		{3EF1B353-E50C-4A4F-B9C3-F7EB90EA9809}.AutomatedTests|x86.ActiveCfg = Debug|Any CPU
		{3EF1B353-E50C-4A4F-B9C3-F7EB90EA9809}.AutomatedTests|x86.Build.0 = Debug|Any CPU
		{3EF1B353-E50C-4A4F-B9C3-F7EB90EA9809}.Debug|Any CPU.ActiveCfg = Debug|Any CPU
		{3EF1B353-E50C-4A4F-B9C3-F7EB90EA9809}.Debug|Any CPU.Build.0 = Debug|Any CPU
		{3EF1B353-E50C-4A4F-B9C3-F7EB90EA9809}.Debug|x64.ActiveCfg = Debug|Any CPU
		{3EF1B353-E50C-4A4F-B9C3-F7EB90EA9809}.Debug|x64.Build.0 = Debug|Any CPU
		{3EF1B353-E50C-4A4F-B9C3-F7EB90EA9809}.Debug|x86.ActiveCfg = Debug|Any CPU
		{3EF1B353-E50C-4A4F-B9C3-F7EB90EA9809}.Debug|x86.Build.0 = Debug|Any CPU
		{3EF1B353-E50C-4A4F-B9C3-F7EB90EA9809}.Release|Any CPU.ActiveCfg = Release|Any CPU
		{3EF1B353-E50C-4A4F-B9C3-F7EB90EA9809}.Release|Any CPU.Build.0 = Release|Any CPU
		{3EF1B353-E50C-4A4F-B9C3-F7EB90EA9809}.Release|x64.ActiveCfg = Release|Any CPU
		{3EF1B353-E50C-4A4F-B9C3-F7EB90EA9809}.Release|x64.Build.0 = Release|Any CPU
		{3EF1B353-E50C-4A4F-B9C3-F7EB90EA9809}.Release|x86.ActiveCfg = Release|Any CPU
		{3EF1B353-E50C-4A4F-B9C3-F7EB90EA9809}.Release|x86.Build.0 = Release|Any CPU
		{8B78577C-E074-4B6F-AD46-9A6E79D96397}.AutomatedTests|Any CPU.ActiveCfg = Debug|Any CPU
		{8B78577C-E074-4B6F-AD46-9A6E79D96397}.AutomatedTests|Any CPU.Build.0 = Debug|Any CPU
		{8B78577C-E074-4B6F-AD46-9A6E79D96397}.AutomatedTests|x64.ActiveCfg = Debug|Any CPU
		{8B78577C-E074-4B6F-AD46-9A6E79D96397}.AutomatedTests|x64.Build.0 = Debug|Any CPU
		{8B78577C-E074-4B6F-AD46-9A6E79D96397}.AutomatedTests|x86.ActiveCfg = Debug|Any CPU
		{8B78577C-E074-4B6F-AD46-9A6E79D96397}.AutomatedTests|x86.Build.0 = Debug|Any CPU
		{8B78577C-E074-4B6F-AD46-9A6E79D96397}.Debug|Any CPU.ActiveCfg = Debug|Any CPU
		{8B78577C-E074-4B6F-AD46-9A6E79D96397}.Debug|Any CPU.Build.0 = Debug|Any CPU
		{8B78577C-E074-4B6F-AD46-9A6E79D96397}.Debug|x64.ActiveCfg = Debug|Any CPU
		{8B78577C-E074-4B6F-AD46-9A6E79D96397}.Debug|x64.Build.0 = Debug|Any CPU
		{8B78577C-E074-4B6F-AD46-9A6E79D96397}.Debug|x86.ActiveCfg = Debug|Any CPU
		{8B78577C-E074-4B6F-AD46-9A6E79D96397}.Debug|x86.Build.0 = Debug|Any CPU
		{8B78577C-E074-4B6F-AD46-9A6E79D96397}.Release|Any CPU.ActiveCfg = Release|Any CPU
		{8B78577C-E074-4B6F-AD46-9A6E79D96397}.Release|Any CPU.Build.0 = Release|Any CPU
		{8B78577C-E074-4B6F-AD46-9A6E79D96397}.Release|x64.ActiveCfg = Release|Any CPU
		{8B78577C-E074-4B6F-AD46-9A6E79D96397}.Release|x64.Build.0 = Release|Any CPU
		{8B78577C-E074-4B6F-AD46-9A6E79D96397}.Release|x86.ActiveCfg = Release|Any CPU
		{8B78577C-E074-4B6F-AD46-9A6E79D96397}.Release|x86.Build.0 = Release|Any CPU
	EndGlobalSection
	GlobalSection(SolutionProperties) = preSolution
		HideSolutionNode = FALSE
	EndGlobalSection
	GlobalSection(NestedProjects) = preSolution
		{4EB46077-5E09-4BF5-874D-780C304FD899} = {13BD52FA-BCDC-4F0F-8AC8-4651BEC0CEEB}
		{961B5CA1-FBB3-4159-9B0B-A1C1C441403F} = {4EB46077-5E09-4BF5-874D-780C304FD899}
		{75ECA130-CA7B-4C01-8742-6B71C1B1582E} = {961B5CA1-FBB3-4159-9B0B-A1C1C441403F}
		{CFEC7D1D-0C90-462E-8A1C-ECFC11311C8D} = {3FCCEF11-B327-4AD2-9505-635884EF7610}
		{DD43E3F0-1F87-48F7-9DE1-0695F1EE9D23} = {4EB46077-5E09-4BF5-874D-780C304FD899}
		{2C374678-F3D9-45EC-A255-BDAE652D3DBD} = {DD43E3F0-1F87-48F7-9DE1-0695F1EE9D23}
		{41D7615C-5A0E-47BE-B15F-460DCA804791} = {DD43E3F0-1F87-48F7-9DE1-0695F1EE9D23}
	EndGlobalSection
EndGlobal
